// !$*UTF8*$!
{
	archiveVersion = 1;
	classes = {
	};
	objectVersion = 46;
	objects = {

/* Begin PBXBuildFile section */
		6FD77D769B7B4948B3F49BC9 /* libPods.a in Frameworks */ = {isa = PBXBuildFile; fileRef = C3059FC41C4046588B00485F /* libPods.a */; };
		95A1B49918B552E1004AA347 /* Foundation.framework in Frameworks */ = {isa = PBXBuildFile; fileRef = 95A1B49818B552E1004AA347 /* Foundation.framework */; };
		95A1B49B18B552E1004AA347 /* CoreGraphics.framework in Frameworks */ = {isa = PBXBuildFile; fileRef = 95A1B49A18B552E1004AA347 /* CoreGraphics.framework */; };
		95A1B49D18B552E1004AA347 /* UIKit.framework in Frameworks */ = {isa = PBXBuildFile; fileRef = 95A1B49C18B552E1004AA347 /* UIKit.framework */; };
		95A1B4A318B552E1004AA347 /* InfoPlist.strings in Resources */ = {isa = PBXBuildFile; fileRef = 95A1B4A118B552E1004AA347 /* InfoPlist.strings */; };
		95A1B4A518B552E1004AA347 /* main.m in Sources */ = {isa = PBXBuildFile; fileRef = 95A1B4A418B552E1004AA347 /* main.m */; };
		95A1B4A918B552E1004AA347 /* BDAppDelegate.m in Sources */ = {isa = PBXBuildFile; fileRef = 95A1B4A818B552E1004AA347 /* BDAppDelegate.m */; };
		95A1B4AB18B552E1004AA347 /* Images.xcassets in Resources */ = {isa = PBXBuildFile; fileRef = 95A1B4AA18B552E1004AA347 /* Images.xcassets */; };
		95A1B4B218B552E1004AA347 /* XCTest.framework in Frameworks */ = {isa = PBXBuildFile; fileRef = 95A1B4B118B552E1004AA347 /* XCTest.framework */; };
		95A1B4B318B552E1004AA347 /* Foundation.framework in Frameworks */ = {isa = PBXBuildFile; fileRef = 95A1B49818B552E1004AA347 /* Foundation.framework */; };
		95A1B4B418B552E1004AA347 /* UIKit.framework in Frameworks */ = {isa = PBXBuildFile; fileRef = 95A1B49C18B552E1004AA347 /* UIKit.framework */; };
		95A1B4BC18B552E1004AA347 /* InfoPlist.strings in Resources */ = {isa = PBXBuildFile; fileRef = 95A1B4BA18B552E1004AA347 /* InfoPlist.strings */; };
		95A1B4BE18B552E1004AA347 /* BookDoggerSampleTests.m in Sources */ = {isa = PBXBuildFile; fileRef = 95A1B4BD18B552E1004AA347 /* BookDoggerSampleTests.m */; };
		95A1B4C918B55567004AA347 /* BDHomeViewController.m in Sources */ = {isa = PBXBuildFile; fileRef = 95A1B4C818B55567004AA347 /* BDHomeViewController.m */; };
		95A1B4CC18B55585004AA347 /* BDMenuViewController.m in Sources */ = {isa = PBXBuildFile; fileRef = 95A1B4CB18B55585004AA347 /* BDMenuViewController.m */; };
		95A1B4CF18B55612004AA347 /* BDExpandableButtonView.m in Sources */ = {isa = PBXBuildFile; fileRef = 95A1B4CE18B55612004AA347 /* BDExpandableButtonView.m */; };
		95A1B4D318B55C16004AA347 /* UIViewController+RightMenuButton.m in Sources */ = {isa = PBXBuildFile; fileRef = 95A1B4D218B55C16004AA347 /* UIViewController+RightMenuButton.m */; };
		95A1B4D818B58079004AA347 /* BDSmallInExpandableButton.m in Sources */ = {isa = PBXBuildFile; fileRef = 95A1B4D718B58079004AA347 /* BDSmallInExpandableButton.m */; };
		95A1B4DA18B586C0004AA347 /* avatar.jpg in Resources */ = {isa = PBXBuildFile; fileRef = 95A1B4D918B586C0004AA347 /* avatar.jpg */; };
		95A1B4DD18B58AE7004AA347 /* BDMenuButton.m in Sources */ = {isa = PBXBuildFile; fileRef = 95A1B4DC18B58AE7004AA347 /* BDMenuButton.m */; };
/* End PBXBuildFile section */

/* Begin PBXContainerItemProxy section */
		95A1B4B518B552E1004AA347 /* PBXContainerItemProxy */ = {
			isa = PBXContainerItemProxy;
			containerPortal = 95A1B48D18B552E0004AA347 /* Project object */;
			proxyType = 1;
			remoteGlobalIDString = 95A1B49418B552E1004AA347;
			remoteInfo = BookDoggerSample;
		};
/* End PBXContainerItemProxy section */

/* Begin PBXFileReference section */
		65B0236896FD465BB58EBB0D /* Pods.xcconfig */ = {isa = PBXFileReference; includeInIndex = 1; lastKnownFileType = text.xcconfig; name = Pods.xcconfig; path = Pods/Pods.xcconfig; sourceTree = "<group>"; };
		95A1B49518B552E1004AA347 /* BookDoggerSample.app */ = {isa = PBXFileReference; explicitFileType = wrapper.application; includeInIndex = 0; path = BookDoggerSample.app; sourceTree = BUILT_PRODUCTS_DIR; };
		95A1B49818B552E1004AA347 /* Foundation.framework */ = {isa = PBXFileReference; lastKnownFileType = wrapper.framework; name = Foundation.framework; path = System/Library/Frameworks/Foundation.framework; sourceTree = SDKROOT; };
		95A1B49A18B552E1004AA347 /* CoreGraphics.framework */ = {isa = PBXFileReference; lastKnownFileType = wrapper.framework; name = CoreGraphics.framework; path = System/Library/Frameworks/CoreGraphics.framework; sourceTree = SDKROOT; };
		95A1B49C18B552E1004AA347 /* UIKit.framework */ = {isa = PBXFileReference; lastKnownFileType = wrapper.framework; name = UIKit.framework; path = System/Library/Frameworks/UIKit.framework; sourceTree = SDKROOT; };
		95A1B4A018B552E1004AA347 /* BookDoggerSample-Info.plist */ = {isa = PBXFileReference; lastKnownFileType = text.plist.xml; path = "BookDoggerSample-Info.plist"; sourceTree = "<group>"; };
		95A1B4A218B552E1004AA347 /* en */ = {isa = PBXFileReference; lastKnownFileType = text.plist.strings; name = en; path = en.lproj/InfoPlist.strings; sourceTree = "<group>"; };
		95A1B4A418B552E1004AA347 /* main.m */ = {isa = PBXFileReference; lastKnownFileType = sourcecode.c.objc; path = main.m; sourceTree = "<group>"; };
		95A1B4A618B552E1004AA347 /* BookDoggerSample-Prefix.pch */ = {isa = PBXFileReference; lastKnownFileType = sourcecode.c.h; path = "BookDoggerSample-Prefix.pch"; sourceTree = "<group>"; };
		95A1B4A718B552E1004AA347 /* BDAppDelegate.h */ = {isa = PBXFileReference; lastKnownFileType = sourcecode.c.h; path = BDAppDelegate.h; sourceTree = "<group>"; };
		95A1B4A818B552E1004AA347 /* BDAppDelegate.m */ = {isa = PBXFileReference; lastKnownFileType = sourcecode.c.objc; path = BDAppDelegate.m; sourceTree = "<group>"; };
		95A1B4AA18B552E1004AA347 /* Images.xcassets */ = {isa = PBXFileReference; lastKnownFileType = folder.assetcatalog; path = Images.xcassets; sourceTree = "<group>"; };
		95A1B4B018B552E1004AA347 /* BookDoggerSampleTests.xctest */ = {isa = PBXFileReference; explicitFileType = wrapper.cfbundle; includeInIndex = 0; path = BookDoggerSampleTests.xctest; sourceTree = BUILT_PRODUCTS_DIR; };
		95A1B4B118B552E1004AA347 /* XCTest.framework */ = {isa = PBXFileReference; lastKnownFileType = wrapper.framework; name = XCTest.framework; path = Library/Frameworks/XCTest.framework; sourceTree = DEVELOPER_DIR; };
		95A1B4B918B552E1004AA347 /* BookDoggerSampleTests-Info.plist */ = {isa = PBXFileReference; lastKnownFileType = text.plist.xml; path = "BookDoggerSampleTests-Info.plist"; sourceTree = "<group>"; };
		95A1B4BB18B552E1004AA347 /* en */ = {isa = PBXFileReference; lastKnownFileType = text.plist.strings; name = en; path = en.lproj/InfoPlist.strings; sourceTree = "<group>"; };
		95A1B4BD18B552E1004AA347 /* BookDoggerSampleTests.m */ = {isa = PBXFileReference; lastKnownFileType = sourcecode.c.objc; path = BookDoggerSampleTests.m; sourceTree = "<group>"; };
		95A1B4C718B55567004AA347 /* BDHomeViewController.h */ = {isa = PBXFileReference; fileEncoding = 4; lastKnownFileType = sourcecode.c.h; path = BDHomeViewController.h; sourceTree = "<group>"; };
		95A1B4C818B55567004AA347 /* BDHomeViewController.m */ = {isa = PBXFileReference; fileEncoding = 4; lastKnownFileType = sourcecode.c.objc; path = BDHomeViewController.m; sourceTree = "<group>"; };
		95A1B4CA18B55585004AA347 /* BDMenuViewController.h */ = {isa = PBXFileReference; fileEncoding = 4; lastKnownFileType = sourcecode.c.h; path = BDMenuViewController.h; sourceTree = "<group>"; };
		95A1B4CB18B55585004AA347 /* BDMenuViewController.m */ = {isa = PBXFileReference; fileEncoding = 4; lastKnownFileType = sourcecode.c.objc; path = BDMenuViewController.m; sourceTree = "<group>"; };
		95A1B4CD18B55612004AA347 /* BDExpandableButtonView.h */ = {isa = PBXFileReference; fileEncoding = 4; lastKnownFileType = sourcecode.c.h; path = BDExpandableButtonView.h; sourceTree = "<group>"; };
		95A1B4CE18B55612004AA347 /* BDExpandableButtonView.m */ = {isa = PBXFileReference; fileEncoding = 4; lastKnownFileType = sourcecode.c.objc; path = BDExpandableButtonView.m; sourceTree = "<group>"; };
		95A1B4D118B55C15004AA347 /* UIViewController+RightMenuButton.h */ = {isa = PBXFileReference; fileEncoding = 4; lastKnownFileType = sourcecode.c.h; path = "UIViewController+RightMenuButton.h"; sourceTree = "<group>"; };
		95A1B4D218B55C16004AA347 /* UIViewController+RightMenuButton.m */ = {isa = PBXFileReference; fileEncoding = 4; lastKnownFileType = sourcecode.c.objc; path = "UIViewController+RightMenuButton.m"; sourceTree = "<group>"; };
		95A1B4D618B58079004AA347 /* BDSmallInExpandableButton.h */ = {isa = PBXFileReference; fileEncoding = 4; lastKnownFileType = sourcecode.c.h; path = BDSmallInExpandableButton.h; sourceTree = "<group>"; };
		95A1B4D718B58079004AA347 /* BDSmallInExpandableButton.m */ = {isa = PBXFileReference; fileEncoding = 4; lastKnownFileType = sourcecode.c.objc; path = BDSmallInExpandableButton.m; sourceTree = "<group>"; };
		95A1B4D918B586C0004AA347 /* avatar.jpg */ = {isa = PBXFileReference; lastKnownFileType = image.jpeg; path = avatar.jpg; sourceTree = "<group>"; };
		95A1B4DB18B58AE7004AA347 /* BDMenuButton.h */ = {isa = PBXFileReference; fileEncoding = 4; lastKnownFileType = sourcecode.c.h; path = BDMenuButton.h; sourceTree = "<group>"; };
		95A1B4DC18B58AE7004AA347 /* BDMenuButton.m */ = {isa = PBXFileReference; fileEncoding = 4; lastKnownFileType = sourcecode.c.objc; path = BDMenuButton.m; sourceTree = "<group>"; };
		C3059FC41C4046588B00485F /* libPods.a */ = {isa = PBXFileReference; explicitFileType = archive.ar; includeInIndex = 0; path = libPods.a; sourceTree = BUILT_PRODUCTS_DIR; };
/* End PBXFileReference section */

/* Begin PBXFrameworksBuildPhase section */
		95A1B49218B552E1004AA347 /* Frameworks */ = {
			isa = PBXFrameworksBuildPhase;
			buildActionMask = 2147483647;
			files = (
				95A1B49B18B552E1004AA347 /* CoreGraphics.framework in Frameworks */,
				95A1B49D18B552E1004AA347 /* UIKit.framework in Frameworks */,
				95A1B49918B552E1004AA347 /* Foundation.framework in Frameworks */,
				6FD77D769B7B4948B3F49BC9 /* libPods.a in Frameworks */,
			);
			runOnlyForDeploymentPostprocessing = 0;
		};
		95A1B4AD18B552E1004AA347 /* Frameworks */ = {
			isa = PBXFrameworksBuildPhase;
			buildActionMask = 2147483647;
			files = (
				95A1B4B218B552E1004AA347 /* XCTest.framework in Frameworks */,
				95A1B4B418B552E1004AA347 /* UIKit.framework in Frameworks */,
				95A1B4B318B552E1004AA347 /* Foundation.framework in Frameworks */,
			);
			runOnlyForDeploymentPostprocessing = 0;
		};
/* End PBXFrameworksBuildPhase section */

/* Begin PBXGroup section */
		95A1B48C18B552E0004AA347 = {
			isa = PBXGroup;
			children = (
				95A1B49E18B552E1004AA347 /* BookDoggerSample */,
				95A1B4B718B552E1004AA347 /* BookDoggerSampleTests */,
				95A1B49718B552E1004AA347 /* Frameworks */,
				95A1B49618B552E1004AA347 /* Products */,
				65B0236896FD465BB58EBB0D /* Pods.xcconfig */,
			);
			sourceTree = "<group>";
		};
		95A1B49618B552E1004AA347 /* Products */ = {
			isa = PBXGroup;
			children = (
				95A1B49518B552E1004AA347 /* BookDoggerSample.app */,
				95A1B4B018B552E1004AA347 /* BookDoggerSampleTests.xctest */,
			);
			name = Products;
			sourceTree = "<group>";
		};
		95A1B49718B552E1004AA347 /* Frameworks */ = {
			isa = PBXGroup;
			children = (
				95A1B49818B552E1004AA347 /* Foundation.framework */,
				95A1B49A18B552E1004AA347 /* CoreGraphics.framework */,
				95A1B49C18B552E1004AA347 /* UIKit.framework */,
				95A1B4B118B552E1004AA347 /* XCTest.framework */,
				C3059FC41C4046588B00485F /* libPods.a */,
			);
			name = Frameworks;
			sourceTree = "<group>";
		};
		95A1B49E18B552E1004AA347 /* BookDoggerSample */ = {
			isa = PBXGroup;
			children = (
				95A1B4A718B552E1004AA347 /* BDAppDelegate.h */,
				95A1B4A818B552E1004AA347 /* BDAppDelegate.m */,
				95A1B4AA18B552E1004AA347 /* Images.xcassets */,
				95A1B49F18B552E1004AA347 /* Supporting Files */,
				95A1B4C718B55567004AA347 /* BDHomeViewController.h */,
				95A1B4C818B55567004AA347 /* BDHomeViewController.m */,
				95A1B4CA18B55585004AA347 /* BDMenuViewController.h */,
				95A1B4CB18B55585004AA347 /* BDMenuViewController.m */,
				95A1B4CD18B55612004AA347 /* BDExpandableButtonView.h */,
				95A1B4CE18B55612004AA347 /* BDExpandableButtonView.m */,
				95A1B4D118B55C15004AA347 /* UIViewController+RightMenuButton.h */,
				95A1B4D218B55C16004AA347 /* UIViewController+RightMenuButton.m */,
				95A1B4D618B58079004AA347 /* BDSmallInExpandableButton.h */,
				95A1B4D718B58079004AA347 /* BDSmallInExpandableButton.m */,
				95A1B4DB18B58AE7004AA347 /* BDMenuButton.h */,
				95A1B4DC18B58AE7004AA347 /* BDMenuButton.m */,
			);
			path = BookDoggerSample;
			sourceTree = "<group>";
		};
		95A1B49F18B552E1004AA347 /* Supporting Files */ = {
			isa = PBXGroup;
			children = (
				95A1B4D918B586C0004AA347 /* avatar.jpg */,
				95A1B4A018B552E1004AA347 /* BookDoggerSample-Info.plist */,
				95A1B4A118B552E1004AA347 /* InfoPlist.strings */,
				95A1B4A418B552E1004AA347 /* main.m */,
				95A1B4A618B552E1004AA347 /* BookDoggerSample-Prefix.pch */,
			);
			name = "Supporting Files";
			sourceTree = "<group>";
		};
		95A1B4B718B552E1004AA347 /* BookDoggerSampleTests */ = {
			isa = PBXGroup;
			children = (
				95A1B4BD18B552E1004AA347 /* BookDoggerSampleTests.m */,
				95A1B4B818B552E1004AA347 /* Supporting Files */,
			);
			path = BookDoggerSampleTests;
			sourceTree = "<group>";
		};
		95A1B4B818B552E1004AA347 /* Supporting Files */ = {
			isa = PBXGroup;
			children = (
				95A1B4B918B552E1004AA347 /* BookDoggerSampleTests-Info.plist */,
				95A1B4BA18B552E1004AA347 /* InfoPlist.strings */,
			);
			name = "Supporting Files";
			sourceTree = "<group>";
		};
/* End PBXGroup section */

/* Begin PBXNativeTarget section */
		95A1B49418B552E1004AA347 /* BookDoggerSample */ = {
			isa = PBXNativeTarget;
			buildConfigurationList = 95A1B4C118B552E1004AA347 /* Build configuration list for PBXNativeTarget "BookDoggerSample" */;
			buildPhases = (
				763793CD7BB344448F060A5A /* Check Pods Manifest.lock */,
				95A1B49118B552E1004AA347 /* Sources */,
				95A1B49218B552E1004AA347 /* Frameworks */,
				95A1B49318B552E1004AA347 /* Resources */,
				31ED974F7E5844A1B5E20812 /* Copy Pods Resources */,
			);
			buildRules = (
			);
			dependencies = (
			);
			name = BookDoggerSample;
			productName = BookDoggerSample;
			productReference = 95A1B49518B552E1004AA347 /* BookDoggerSample.app */;
			productType = "com.apple.product-type.application";
		};
		95A1B4AF18B552E1004AA347 /* BookDoggerSampleTests */ = {
			isa = PBXNativeTarget;
			buildConfigurationList = 95A1B4C418B552E1004AA347 /* Build configuration list for PBXNativeTarget "BookDoggerSampleTests" */;
			buildPhases = (
				95A1B4AC18B552E1004AA347 /* Sources */,
				95A1B4AD18B552E1004AA347 /* Frameworks */,
				95A1B4AE18B552E1004AA347 /* Resources */,
			);
			buildRules = (
			);
			dependencies = (
				95A1B4B618B552E1004AA347 /* PBXTargetDependency */,
			);
			name = BookDoggerSampleTests;
			productName = BookDoggerSampleTests;
			productReference = 95A1B4B018B552E1004AA347 /* BookDoggerSampleTests.xctest */;
			productType = "com.apple.product-type.bundle.unit-test";
		};
/* End PBXNativeTarget section */

/* Begin PBXProject section */
		95A1B48D18B552E0004AA347 /* Project object */ = {
			isa = PBXProject;
			attributes = {
				CLASSPREFIX = BD;
				LastUpgradeCheck = 0500;
				ORGANIZATIONNAME = "Mantas Masalskis";
				TargetAttributes = {
					95A1B4AF18B552E1004AA347 = {
						TestTargetID = 95A1B49418B552E1004AA347;
					};
				};
			};
			buildConfigurationList = 95A1B49018B552E0004AA347 /* Build configuration list for PBXProject "BookDoggerSample" */;
			compatibilityVersion = "Xcode 3.2";
			developmentRegion = English;
			hasScannedForEncodings = 0;
			knownRegions = (
				en,
			);
			mainGroup = 95A1B48C18B552E0004AA347;
			productRefGroup = 95A1B49618B552E1004AA347 /* Products */;
			projectDirPath = "";
			projectRoot = "";
			targets = (
				95A1B49418B552E1004AA347 /* BookDoggerSample */,
				95A1B4AF18B552E1004AA347 /* BookDoggerSampleTests */,
			);
		};
/* End PBXProject section */

/* Begin PBXResourcesBuildPhase section */
		95A1B49318B552E1004AA347 /* Resources */ = {
			isa = PBXResourcesBuildPhase;
			buildActionMask = 2147483647;
			files = (
				95A1B4A318B552E1004AA347 /* InfoPlist.strings in Resources */,
				95A1B4AB18B552E1004AA347 /* Images.xcassets in Resources */,
				95A1B4DA18B586C0004AA347 /* avatar.jpg in Resources */,
			);
			runOnlyForDeploymentPostprocessing = 0;
		};
		95A1B4AE18B552E1004AA347 /* Resources */ = {
			isa = PBXResourcesBuildPhase;
			buildActionMask = 2147483647;
			files = (
				95A1B4BC18B552E1004AA347 /* InfoPlist.strings in Resources */,
			);
			runOnlyForDeploymentPostprocessing = 0;
		};
/* End PBXResourcesBuildPhase section */

/* Begin PBXShellScriptBuildPhase section */
		31ED974F7E5844A1B5E20812 /* Copy Pods Resources */ = {
			isa = PBXShellScriptBuildPhase;
			buildActionMask = 2147483647;
			files = (
			);
			inputPaths = (
			);
			name = "Copy Pods Resources";
			outputPaths = (
			);
			runOnlyForDeploymentPostprocessing = 0;
			shellPath = /bin/sh;
			shellScript = "\"${SRCROOT}/Pods/Pods-resources.sh\"\n";
			showEnvVarsInLog = 0;
		};
		763793CD7BB344448F060A5A /* Check Pods Manifest.lock */ = {
			isa = PBXShellScriptBuildPhase;
			buildActionMask = 2147483647;
			files = (
			);
			inputPaths = (
			);
			name = "Check Pods Manifest.lock";
			outputPaths = (
			);
			runOnlyForDeploymentPostprocessing = 0;
			shellPath = /bin/sh;
			shellScript = "diff \"${PODS_ROOT}/../Podfile.lock\" \"${PODS_ROOT}/Manifest.lock\" > /dev/null\nif [[ $? != 0 ]] ; then\n    cat << EOM\nerror: The sandbox is not in sync with the Podfile.lock. Run 'pod install' or update your CocoaPods installation.\nEOM\n    exit 1\nfi\n";
			showEnvVarsInLog = 0;
		};
/* End PBXShellScriptBuildPhase section */

/* Begin PBXSourcesBuildPhase section */
		95A1B49118B552E1004AA347 /* Sources */ = {
			isa = PBXSourcesBuildPhase;
			buildActionMask = 2147483647;
			files = (
				95A1B4DD18B58AE7004AA347 /* BDMenuButton.m in Sources */,
				95A1B4C918B55567004AA347 /* BDHomeViewController.m in Sources */,
				95A1B4CF18B55612004AA347 /* BDExpandableButtonView.m in Sources */,
				95A1B4D318B55C16004AA347 /* UIViewController+RightMenuButton.m in Sources */,
				95A1B4A918B552E1004AA347 /* BDAppDelegate.m in Sources */,
				95A1B4A518B552E1004AA347 /* main.m in Sources */,
				95A1B4CC18B55585004AA347 /* BDMenuViewController.m in Sources */,
				95A1B4D818B58079004AA347 /* BDSmallInExpandableButton.m in Sources */,
			);
			runOnlyForDeploymentPostprocessing = 0;
		};
		95A1B4AC18B552E1004AA347 /* Sources */ = {
			isa = PBXSourcesBuildPhase;
			buildActionMask = 2147483647;
			files = (
				95A1B4BE18B552E1004AA347 /* BookDoggerSampleTests.m in Sources */,
			);
			runOnlyForDeploymentPostprocessing = 0;
		};
/* End PBXSourcesBuildPhase section */

/* Begin PBXTargetDependency section */
		95A1B4B618B552E1004AA347 /* PBXTargetDependency */ = {
			isa = PBXTargetDependency;
			target = 95A1B49418B552E1004AA347 /* BookDoggerSample */;
			targetProxy = 95A1B4B518B552E1004AA347 /* PBXContainerItemProxy */;
		};
/* End PBXTargetDependency section */

/* Begin PBXVariantGroup section */
		95A1B4A118B552E1004AA347 /* InfoPlist.strings */ = {
			isa = PBXVariantGroup;
			children = (
				95A1B4A218B552E1004AA347 /* en */,
			);
			name = InfoPlist.strings;
			sourceTree = "<group>";
		};
		95A1B4BA18B552E1004AA347 /* InfoPlist.strings */ = {
			isa = PBXVariantGroup;
			children = (
				95A1B4BB18B552E1004AA347 /* en */,
			);
			name = InfoPlist.strings;
			sourceTree = "<group>";
		};
/* End PBXVariantGroup section */

/* Begin XCBuildConfiguration section */
		95A1B4BF18B552E1004AA347 /* Debug */ = {
			isa = XCBuildConfiguration;
			buildSettings = {
				ALWAYS_SEARCH_USER_PATHS = NO;
				ARCHS = "$(ARCHS_STANDARD_INCLUDING_64_BIT)";
				CLANG_CXX_LANGUAGE_STANDARD = "gnu++0x";
				CLANG_CXX_LIBRARY = "libc++";
				CLANG_ENABLE_MODULES = YES;
				CLANG_ENABLE_OBJC_ARC = YES;
				CLANG_WARN_BOOL_CONVERSION = YES;
				CLANG_WARN_CONSTANT_CONVERSION = YES;
				CLANG_WARN_DIRECT_OBJC_ISA_USAGE = YES_ERROR;
				CLANG_WARN_EMPTY_BODY = YES;
				CLANG_WARN_ENUM_CONVERSION = YES;
				CLANG_WARN_INT_CONVERSION = YES;
				CLANG_WARN_OBJC_ROOT_CLASS = YES_ERROR;
				CLANG_WARN__DUPLICATE_METHOD_MATCH = YES;
				"CODE_SIGN_IDENTITY[sdk=iphoneos*]" = "iPhone Developer";
				COPY_PHASE_STRIP = NO;
				GCC_C_LANGUAGE_STANDARD = gnu99;
				GCC_DYNAMIC_NO_PIC = NO;
				GCC_OPTIMIZATION_LEVEL = 0;
				GCC_PREPROCESSOR_DEFINITIONS = (
					"DEBUG=1",
					"$(inherited)",
				);
				GCC_SYMBOLS_PRIVATE_EXTERN = NO;
				GCC_WARN_64_TO_32_BIT_CONVERSION = YES;
				GCC_WARN_ABOUT_RETURN_TYPE = YES_ERROR;
				GCC_WARN_UNDECLARED_SELECTOR = YES;
				GCC_WARN_UNINITIALIZED_AUTOS = YES;
				GCC_WARN_UNUSED_FUNCTION = YES;
				GCC_WARN_UNUSED_VARIABLE = YES;
				IPHONEOS_DEPLOYMENT_TARGET = 7.0;
				ONLY_ACTIVE_ARCH = YES;
				SDKROOT = iphoneos;
			};
			name = Debug;
		};
		95A1B4C018B552E1004AA347 /* Release */ = {
			isa = XCBuildConfiguration;
			buildSettings = {
				ALWAYS_SEARCH_USER_PATHS = NO;
				ARCHS = "$(ARCHS_STANDARD_INCLUDING_64_BIT)";
				CLANG_CXX_LANGUAGE_STANDARD = "gnu++0x";
				CLANG_CXX_LIBRARY = "libc++";
				CLANG_ENABLE_MODULES = YES;
				CLANG_ENABLE_OBJC_ARC = YES;
				CLANG_WARN_BOOL_CONVERSION = YES;
				CLANG_WARN_CONSTANT_CONVERSION = YES;
				CLANG_WARN_DIRECT_OBJC_ISA_USAGE = YES_ERROR;
				CLANG_WARN_EMPTY_BODY = YES;
				CLANG_WARN_ENUM_CONVERSION = YES;
				CLANG_WARN_INT_CONVERSION = YES;
				CLANG_WARN_OBJC_ROOT_CLASS = YES_ERROR;
				CLANG_WARN__DUPLICATE_METHOD_MATCH = YES;
				"CODE_SIGN_IDENTITY[sdk=iphoneos*]" = "iPhone Developer";
				COPY_PHASE_STRIP = YES;
				ENABLE_NS_ASSERTIONS = NO;
				GCC_C_LANGUAGE_STANDARD = gnu99;
				GCC_WARN_64_TO_32_BIT_CONVERSION = YES;
				GCC_WARN_ABOUT_RETURN_TYPE = YES_ERROR;
				GCC_WARN_UNDECLARED_SELECTOR = YES;
				GCC_WARN_UNINITIALIZED_AUTOS = YES;
				GCC_WARN_UNUSED_FUNCTION = YES;
				GCC_WARN_UNUSED_VARIABLE = YES;
				IPHONEOS_DEPLOYMENT_TARGET = 7.0;
				SDKROOT = iphoneos;
				VALIDATE_PRODUCT = YES;
			};
			name = Release;
		};
		95A1B4C218B552E1004AA347 /* Debug */ = {
			isa = XCBuildConfiguration;
			baseConfigurationReference = 65B0236896FD465BB58EBB0D /* Pods.xcconfig */;
			buildSettings = {
				ASSETCATALOG_COMPILER_APPICON_NAME = AppIcon;
				ASSETCATALOG_COMPILER_LAUNCHIMAGE_NAME = LaunchImage;
				GCC_PRECOMPILE_PREFIX_HEADER = YES;
				GCC_PREFIX_HEADER = "BookDoggerSample/BookDoggerSample-Prefix.pch";
				INFOPLIST_FILE = "BookDoggerSample/BookDoggerSample-Info.plist";
				PRODUCT_NAME = "$(TARGET_NAME)";
				WRAPPER_EXTENSION = app;
			};
			name = Debug;
		};
		95A1B4C318B552E1004AA347 /* Release */ = {
			isa = XCBuildConfiguration;
			baseConfigurationReference = 65B0236896FD465BB58EBB0D /* Pods.xcconfig */;
			buildSettings = {
				ASSETCATALOG_COMPILER_APPICON_NAME = AppIcon;
				ASSETCATALOG_COMPILER_LAUNCHIMAGE_NAME = LaunchImage;
				GCC_PRECOMPILE_PREFIX_HEADER = YES;
				GCC_PREFIX_HEADER = "BookDoggerSample/BookDoggerSample-Prefix.pch";
				INFOPLIST_FILE = "BookDoggerSample/BookDoggerSample-Info.plist";
				PRODUCT_NAME = "$(TARGET_NAME)";
				WRAPPER_EXTENSION = app;
			};
			name = Release;
		};
		95A1B4C518B552E1004AA347 /* Debug */ = {
			isa = XCBuildConfiguration;
			buildSettings = {
				ARCHS = "$(ARCHS_STANDARD_INCLUDING_64_BIT)";
				BUNDLE_LOADER = "$(BUILT_PRODUCTS_DIR)/BookDoggerSample.app/BookDoggerSample";
				FRAMEWORK_SEARCH_PATHS = (
					"$(SDKROOT)/Developer/Library/Frameworks",
					"$(inherited)",
					"$(DEVELOPER_FRAMEWORKS_DIR)",
				);
				GCC_PRECOMPILE_PREFIX_HEADER = YES;
				GCC_PREFIX_HEADER = "BookDoggerSample/BookDoggerSample-Prefix.pch";
				GCC_PREPROCESSOR_DEFINITIONS = (
					"DEBUG=1",
					"$(inherited)",
				);
				INFOPLIST_FILE = "BookDoggerSampleTests/BookDoggerSampleTests-Info.plist";
				PRODUCT_NAME = "$(TARGET_NAME)";
				TEST_HOST = "$(BUNDLE_LOADER)";
				WRAPPER_EXTENSION = xctest;
			};
			name = Debug;
		};
		95A1B4C618B552E1004AA347 /* Release */ = {
			isa = XCBuildConfiguration;
			buildSettings = {
				ARCHS = "$(ARCHS_STANDARD_INCLUDING_64_BIT)";
				BUNDLE_LOADER = "$(BUILT_PRODUCTS_DIR)/BookDoggerSample.app/BookDoggerSample";
				FRAMEWORK_SEARCH_PATHS = (
					"$(SDKROOT)/Developer/Library/Frameworks",
					"$(inherited)",
					"$(DEVELOPER_FRAMEWORKS_DIR)",
				);
				GCC_PRECOMPILE_PREFIX_HEADER = YES;
				GCC_PREFIX_HEADER = "BookDoggerSample/BookDoggerSample-Prefix.pch";
				INFOPLIST_FILE = "BookDoggerSampleTests/BookDoggerSampleTests-Info.plist";
				PRODUCT_NAME = "$(TARGET_NAME)";
				TEST_HOST = "$(BUNDLE_LOADER)";
				WRAPPER_EXTENSION = xctest;
			};
			name = Release;
		};
/* End XCBuildConfiguration section */

/* Begin XCConfigurationList section */
		95A1B49018B552E0004AA347 /* Build configuration list for PBXProject "BookDoggerSample" */ = {
			isa = XCConfigurationList;
			buildConfigurations = (
				95A1B4BF18B552E1004AA347 /* Debug */,
				95A1B4C018B552E1004AA347 /* Release */,
			);
			defaultConfigurationIsVisible = 0;
			defaultConfigurationName = Release;
		};
		95A1B4C118B552E1004AA347 /* Build configuration list for PBXNativeTarget "BookDoggerSample" */ = {
			isa = XCConfigurationList;
			buildConfigurations = (
				95A1B4C218B552E1004AA347 /* Debug */,
				95A1B4C318B552E1004AA347 /* Release */,
			);
			defaultConfigurationIsVisible = 0;
			defaultConfigurationName = Release;
		};
		95A1B4C418B552E1004AA347 /* Build configuration list for PBXNativeTarget "BookDoggerSampleTests" */ = {
			isa = XCConfigurationList;
			buildConfigurations = (
				95A1B4C518B552E1004AA347 /* Debug */,
				95A1B4C618B552E1004AA347 /* Release */,
			);
			defaultConfigurationIsVisible = 0;
			defaultConfigurationName = Release;
		};
/* End XCConfigurationList section */
	};
	rootObject = 95A1B48D18B552E0004AA347 /* Project object */;
}
